<Solution>
  <Folder Name="/src/">
    <Project Path="src/CheatEngine.Mcp.Bootstrap/CheatEngine.Mcp.Bootstrap.csproj" />
    <Project Path="src/CheatEngine.Mcp/CheatEngine.Mcp.csproj" />
    <Project Path="src/CheatEngine.Mcp.Gateway/CheatEngine.Mcp.Gateway.csproj" />
  </Folder>
  <Folder Name="/tests/">
    <Project Path="tests/CheatEngine.Mcp.LiveTarget/CheatEngine.Mcp.LiveTarget.csproj" />
    <Project Path="tests/CheatEngine.Mcp.Tests/CheatEngine.Mcp.Tests.csproj" />
  </Folder>
</Solution>
