{
  "version": 2,
  "dependencies": {
    "net10.0": {
      "Microsoft.NET.ILLink.Tasks": {
        "type": "Direct",
        "requested": "[10.0.12, )",
        "resolved": "10.0.12",
        "contentHash": "xi+BDjFpW+Sb+MHFHaH6Y/gV9I8BluFwRXc1QyCdoZbIK26eNiBeFuMTe/FMwc33G1wdHCyDg7CVTmb8OdQrMQ=="
      },
      "CheatEngine.Client.Abstractions": {
        "type": "Transitive",
        "resolved": "1.0.0",
        "contentHash": "1Ma1AEwpAZ2Q6c16ydNzOIsnchanixkH0VgSASOoRoeV+DPtTp98zfi4ZDLat/fkMXxPJNysCGRVRxm5hES+eg==",
        "dependencies": {
          "CheatEngine.SDK": "[2.0.0, 3.0.0)"
        }
      },
      "CheatEngine.Client.Core": {
        "type": "Transitive",
        "resolved": "1.0.0",
        "contentHash": "MHYLqRPy1NGm8k5uyMB9PnazHwPCyQgs1qUYrei47M0gDUW3yChZJ6N7xrcsng4bJTiqUqIvfOIoPU3MCSr5VA==",
        "dependencies": {
          "CheatEngine.Client.Abstractions": "[1.0.0]",
          "CheatEngine.SDK": "[2.0.0, 3.0.0)"
        }
      },
      "CheatEngine.Client.Extensions.DependencyInjection": {
        "type": "Transitive",
        "resolved": "1.0.0",
        "contentHash": "d7zKtwOIkBg7dyXLMP8Z9saHVRj1D82/wg4mAo6ds37ecVylVWzsGusNU2HXiN705pTbs6NRB7k8LEak/KR3Cw==",
        "dependencies": {
          "CheatEngine.Client.Abstractions": "[1.0.0]",
          "CheatEngine.Client.Core": "[1.0.0]"
        }
      },
      "CheatEngine.Client.Fluent": {
        "type": "Transitive",
        "resolved": "1.0.0",
        "contentHash": "8/4JcuUjaG7iWHgpg6j+nt3r4xSfV5KyjlJ9NlMbX0SWKoRIbTXeUezQjmA0X5XfC76JOmWLBCPuPGbKHv4dmg==",
        "dependencies": {
          "CheatEngine.Client.Abstractions": "[1.0.0]"
        }
      },
      "CheatEngine.Client.Hosting": {
        "type": "Transitive",
        "resolved": "1.0.0",
        "contentHash": "NxpEXtZ6VN1URhR3mrD6uAqr7Os5zp2y7k45X1+2k0M68XBQC+HIobp9QUBb/q5d2tDgAlZxpHWuS6xhasqJTQ==",
        "dependencies": {
          "CheatEngine.Client.Extensions.DependencyInjection": "[1.0.0]",
          "CheatEngine.SDK": "[2.0.0, 3.0.0)"
        }
      },
      "ModelContextProtocol": {
        "type": "Transitive",
        "resolved": "2.2.0",
        "contentHash": "4Pb9u02Nwsp0poueDsqNdyGRojFxOYpljB7zDBsq+aHL+Afou3OgxlBc3GWFVnsRMRJrUtWqDh3s6k2JgPzmrQ==",
        "dependencies": {
          "ModelContextProtocol.Core": "[2.2.0]"
        }
      },
      "ModelContextProtocol.Core": {
        "type": "Transitive",
        "resolved": "2.2.0",
        "contentHash": "FeBfXU6T8k+jw4afg4sfxdEX2rL/e5oKOk9ROOGztu9k47+7Bz08sdaToYt2XvMY1opNbwxYQOFMj6wH9TInhA==",
        "dependencies": {
          "Microsoft.Extensions.AI.Abstractions": "10.8.3"
        }
      },
      "CheatEngine.Mcp.Runtime": {
        "type": "Project",
        "dependencies": {
          "CheatEngine.Client": "[1.0.0, )",
          "CheatEngine.SDK": "[2.0.0, )",
          "ModelContextProtocol.AspNetCore": "[2.2.0, )",
          "NLog": "[6.2.1, )",
          "NLog.Extensions.Logging": "[6.2.1, )"
        }
      },
      "CheatEngine.Client": {
        "type": "CentralTransitive",
        "requested": "[1.0.0, )",
        "resolved": "1.0.0",
        "contentHash": "nJ262v9o4Z2QXmG8+Ny5G0V850IYQIdL6GMnugvwPQiqyI3zZgOplU0HBSM+vX1B8k+geTXUFS53IZA03EtigA==",
        "dependencies": {
          "CheatEngine.Client.Fluent": "[1.0.0]",
          "CheatEngine.Client.Hosting": "[1.0.0]"
        }
      },
      "CheatEngine.SDK": {
        "type": "CentralTransitive",
        "requested": "[2.0.0, )",
        "resolved": "2.0.0",
        "contentHash": "NLEdZYJ9LKW3EFNB4X5snKCQf7ZS86GkCQ+El7o+S1XQcxHQGjS45Q1ap8lfjQuIwm004mQ3TPxo+ph1yvRrlQ=="
      },
      "Microsoft.Extensions.AI.Abstractions": {
        "type": "CentralTransitive",
        "requested": "[10.10.1, )",
        "resolved": "10.10.1",
        "contentHash": "Kz6ezQfRb9x2TkIWyaXkVAfpvyoAlEDfC59klPrdr2XD5WM4HNw+PREAZ+Fo43GPldtX+E0i1aYzMFQ/zXYMLg=="
      },
      "ModelContextProtocol.AspNetCore": {
        "type": "CentralTransitive",
        "requested": "[2.2.0, )",
        "resolved": "2.2.0",
        "contentHash": "3JelDMuFIwFzXybsh6K30G6wXu5gmqKnuRnieqgBMuR0FkqqXRv4B+NYZuPgthSyNq5UwRyvv2U2VJBE3RD3PQ==",
        "dependencies": {
          "ModelContextProtocol": "[2.2.0]"
        }
      },
      "NLog": {
        "type": "CentralTransitive",
        "requested": "[6.2.1, )",
        "resolved": "6.2.1",
        "contentHash": "fTGNuJyzkgDc1TBEGXF+FMT4b6kB7gygkSN3dLei2Ziiwx/rugXA+OyyFWZ60P1G/+SzzSKiWHlQ4OklC8AgRg=="
      },
      "NLog.Extensions.Logging": {
        "type": "CentralTransitive",
        "requested": "[6.2.1, )",
        "resolved": "6.2.1",
        "contentHash": "VVISyXM6nU6akAK9dzit/Yy/Q050PVpW0FZM6ceSA7oZUvMtQZlE0VlNx1VUBe3Uo540/9Ee05RiKlPvyR8dUQ==",
        "dependencies": {
          "NLog": "6.2.1"
        }
      }
    },
    "net10.0/win-x64": {}
  }
}